
Microsoft Visual Studio Solution File, Format Version 12.00
# Visual Studio Version 17
VisualStudioVersion = 17.7.34009.444
MinimumVisualStudioVersion = 10.0.40219.1
Project("{FAE04EC0-301F-11D3-BF4B-00C04F79EFBC}") = "MyCookBook", "MyCookBook\MyCookBook.csproj", "{E0ACE8FB-7D57-43CD-9EC6-BA6045438738}"
EndProject
Global
	GlobalSection(SolutionConfigurationPlatforms) = preSolution
		Debug|Any CPU = Debug|Any CPU
		Release|Any CPU = Release|Any CPU
	EndGlobalSection
	GlobalSection(ProjectConfigurationPlatforms) = postSolution
		{E0ACE8FB-7D57-43CD-9EC6-BA6045438738}.Debug|Any CPU.ActiveCfg = Debug|Any CPU
		{E0ACE8FB-7D57-43CD-9EC6-BA6045438738}.Debug|Any CPU.Build.0 = Debug|Any CPU
		{E0ACE8FB-7D57-43CD-9EC6-BA6045438738}.Release|Any CPU.ActiveCfg = Release|Any CPU
		{E0ACE8FB-7D57-43CD-9EC6-BA6045438738}.Release|Any CPU.Build.0 = Release|Any CPU
	EndGlobalSection
	GlobalSection(SolutionProperties) = preSolution
		HideSolutionNode = FALSE
	EndGlobalSection
	GlobalSection(ExtensibilityGlobals) = postSolution
		SolutionGuid = {27BBE3AF-E469-4BE6-B275-C9BC347EB0E8}
	EndGlobalSection
EndGlobal
